// !$*UTF8*$!
{
	archiveVersion = 1;
	classes = {
	};
	objectVersion = 46;
	objects = {

/* Begin PBXBuildFile section */
		F0B13A381F95D4FE0034CEF9 /* AlterView.m in Sources */ = {isa = PBXBuildFile; fileRef = F0B13A371F95D4FE0034CEF9 /* AlterView.m */; };
		F0B13A3A1F95D5120034CEF9 /* AlterView.xib in Resources */ = {isa = PBXBuildFile; fileRef = F0B13A391F95D5120034CEF9 /* AlterView.xib */; };
		F0B13A3D1F95E0A90034CEF9 /* LQBAnimationPopView.m in Sources */ = {isa = PBXBuildFile; fileRef = F0B13A3C1F95E0A90034CEF9 /* LQBAnimationPopView.m */; };
		F0D08BA11F7CED9800218A64 /* main.m in Sources */ = {isa = PBXBuildFile; fileRef = F0D08BA01F7CED9800218A64 /* main.m */; };
		F0D08BA41F7CED9800218A64 /* AppDelegate.m in Sources */ = {isa = PBXBuildFile; fileRef = F0D08BA31F7CED9800218A64 /* AppDelegate.m */; };
		F0D08BA71F7CED9800218A64 /* ViewController.m in Sources */ = {isa = PBXBuildFile; fileRef = F0D08BA61F7CED9800218A64 /* ViewController.m */; };
		F0D08BAA1F7CED9800218A64 /* Main.storyboard in Resources */ = {isa = PBXBuildFile; fileRef = F0D08BA81F7CED9800218A64 /* Main.storyboard */; };
		F0D08BAC1F7CED9800218A64 /* Assets.xcassets in Resources */ = {isa = PBXBuildFile; fileRef = F0D08BAB1F7CED9800218A64 /* Assets.xcassets */; };
		F0D08BAF1F7CED9800218A64 /* LaunchScreen.storyboard in Resources */ = {isa = PBXBuildFile; fileRef = F0D08BAD1F7CED9800218A64 /* LaunchScreen.storyboard */; };
		F0D08BBA1F7CED9800218A64 /* LQBAnimationPopViewTests.m in Sources */ = {isa = PBXBuildFile; fileRef = F0D08BB91F7CED9800218A64 /* LQBAnimationPopViewTests.m */; };
		F0D08BC51F7CED9800218A64 /* LQBAnimationPopViewUITests.m in Sources */ = {isa = PBXBuildFile; fileRef = F0D08BC41F7CED9800218A64 /* LQBAnimationPopViewUITests.m */; };
/* End PBXBuildFile section */

/* Begin PBXContainerItemProxy section */
		F0D08BB61F7CED9800218A64 /* PBXContainerItemProxy */ = {
			isa = PBXContainerItemProxy;
			containerPortal = F0D08B941F7CED9800218A64 /* Project object */;
			proxyType = 1;
			remoteGlobalIDString = F0D08B9B1F7CED9800218A64;
			remoteInfo = LQBAnimationPopView;
		};
		F0D08BC11F7CED9800218A64 /* PBXContainerItemProxy */ = {
			isa = PBXContainerItemProxy;
			containerPortal = F0D08B941F7CED9800218A64 /* Project object */;
			proxyType = 1;
			remoteGlobalIDString = F0D08B9B1F7CED9800218A64;
			remoteInfo = LQBAnimationPopView;
		};
/* End PBXContainerItemProxy section */

/* Begin PBXFileReference section */
		F0B13A361F95D4FE0034CEF9 /* AlterView.h */ = {isa = PBXFileReference; lastKnownFileType = sourcecode.c.h; path = AlterView.h; sourceTree = "<group>"; };
		F0B13A371F95D4FE0034CEF9 /* AlterView.m */ = {isa = PBXFileReference; lastKnownFileType = sourcecode.c.objc; path = AlterView.m; sourceTree = "<group>"; };
		F0B13A391F95D5120034CEF9 /* AlterView.xib */ = {isa = PBXFileReference; lastKnownFileType = file.xib; path = AlterView.xib; sourceTree = "<group>"; };
		F0B13A3B1F95E0A90034CEF9 /* LQBAnimationPopView.h */ = {isa = PBXFileReference; lastKnownFileType = sourcecode.c.h; path = LQBAnimationPopView.h; sourceTree = "<group>"; };
		F0B13A3C1F95E0A90034CEF9 /* LQBAnimationPopView.m */ = {isa = PBXFileReference; lastKnownFileType = sourcecode.c.objc; path = LQBAnimationPopView.m; sourceTree = "<group>"; };
		F0D08B9C1F7CED9800218A64 /* LQBAnimationPopView.app */ = {isa = PBXFileReference; explicitFileType = wrapper.application; includeInIndex = 0; path = LQBAnimationPopView.app; sourceTree = BUILT_PRODUCTS_DIR; };
		F0D08BA01F7CED9800218A64 /* main.m */ = {isa = PBXFileReference; lastKnownFileType = sourcecode.c.objc; path = main.m; sourceTree = "<group>"; };
		F0D08BA21F7CED9800218A64 /* AppDelegate.h */ = {isa = PBXFileReference; lastKnownFileType = sourcecode.c.h; path = AppDelegate.h; sourceTree = "<group>"; };
		F0D08BA31F7CED9800218A64 /* AppDelegate.m */ = {isa = PBXFileReference; lastKnownFileType = sourcecode.c.objc; path = AppDelegate.m; sourceTree = "<group>"; };
		F0D08BA51F7CED9800218A64 /* ViewController.h */ = {isa = PBXFileReference; lastKnownFileType = sourcecode.c.h; path = ViewController.h; sourceTree = "<group>"; };
		F0D08BA61F7CED9800218A64 /* ViewController.m */ = {isa = PBXFileReference; lastKnownFileType = sourcecode.c.objc; path = ViewController.m; sourceTree = "<group>"; };
		F0D08BA91F7CED9800218A64 /* Base */ = {isa = PBXFileReference; lastKnownFileType = file.storyboard; name = Base; path = Base.lproj/Main.storyboard; sourceTree = "<group>"; };
		F0D08BAB1F7CED9800218A64 /* Assets.xcassets */ = {isa = PBXFileReference; lastKnownFileType = folder.assetcatalog; path = Assets.xcassets; sourceTree = "<group>"; };
		F0D08BAE1F7CED9800218A64 /* Base */ = {isa = PBXFileReference; lastKnownFileType = file.storyboard; name = Base; path = Base.lproj/LaunchScreen.storyboard; sourceTree = "<group>"; };
		F0D08BB01F7CED9800218A64 /* Info.plist */ = {isa = PBXFileReference; lastKnownFileType = text.plist.xml; path = Info.plist; sourceTree = "<group>"; };
		F0D08BB51F7CED9800218A64 /* LQBAnimationPopViewTests.xctest */ = {isa = PBXFileReference; explicitFileType = wrapper.cfbundle; includeInIndex = 0; path = LQBAnimationPopViewTests.xctest; sourceTree = BUILT_PRODUCTS_DIR; };
		F0D08BB91F7CED9800218A64 /* LQBAnimationPopViewTests.m */ = {isa = PBXFileReference; lastKnownFileType = sourcecode.c.objc; path = LQBAnimationPopViewTests.m; sourceTree = "<group>"; };
		F0D08BBB1F7CED9800218A64 /* Info.plist */ = {isa = PBXFileReference; lastKnownFileType = text.plist.xml; path = Info.plist; sourceTree = "<group>"; };
		F0D08BC01F7CED9800218A64 /* LQBAnimationPopViewUITests.xctest */ = {isa = PBXFileReference; explicitFileType = wrapper.cfbundle; includeInIndex = 0; path = LQBAnimationPopViewUITests.xctest; sourceTree = BUILT_PRODUCTS_DIR; };
		F0D08BC41F7CED9800218A64 /* LQBAnimationPopViewUITests.m */ = {isa = PBXFileReference; lastKnownFileType = sourcecode.c.objc; path = LQBAnimationPopViewUITests.m; sourceTree = "<group>"; };
		F0D08BC61F7CED9800218A64 /* Info.plist */ = {isa = PBXFileReference; lastKnownFileType = text.plist.xml; path = Info.plist; sourceTree = "<group>"; };
/* End PBXFileReference section */

/* Begin PBXFrameworksBuildPhase section */
		F0D08B991F7CED9800218A64 /* Frameworks */ = {
			isa = PBXFrameworksBuildPhase;
			buildActionMask = 2147483647;
			files = (
			);
			runOnlyForDeploymentPostprocessing = 0;
		};
		F0D08BB21F7CED9800218A64 /* Frameworks */ = {
			isa = PBXFrameworksBuildPhase;
			buildActionMask = 2147483647;
			files = (
			);
			runOnlyForDeploymentPostprocessing = 0;
		};
		F0D08BBD1F7CED9800218A64 /* Frameworks */ = {
			isa = PBXFrameworksBuildPhase;
			buildActionMask = 2147483647;
			files = (
			);
			runOnlyForDeploymentPostprocessing = 0;
		};
/* End PBXFrameworksBuildPhase section */

/* Begin PBXGroup section */
		F0D08B931F7CED9800218A64 = {
			isa = PBXGroup;
			children = (
				F0D08B9E1F7CED9800218A64 /* LQBAnimationPopView */,
				F0D08BB81F7CED9800218A64 /* LQBAnimationPopViewTests */,
				F0D08BC31F7CED9800218A64 /* LQBAnimationPopViewUITests */,
				F0D08B9D1F7CED9800218A64 /* Products */,
			);
			sourceTree = "<group>";
		};
		F0D08B9D1F7CED9800218A64 /* Products */ = {
			isa = PBXGroup;
			children = (
				F0D08B9C1F7CED9800218A64 /* LQBAnimationPopView.app */,
				F0D08BB51F7CED9800218A64 /* LQBAnimationPopViewTests.xctest */,
				F0D08BC01F7CED9800218A64 /* LQBAnimationPopViewUITests.xctest */,
			);
			name = Products;
			sourceTree = "<group>";
		};
		F0D08B9E1F7CED9800218A64 /* LQBAnimationPopView */ = {
			isa = PBXGroup;
			children = (
				F0B13A361F95D4FE0034CEF9 /* AlterView.h */,
				F0B13A371F95D4FE0034CEF9 /* AlterView.m */,
				F0B13A391F95D5120034CEF9 /* AlterView.xib */,
				F0D08BA21F7CED9800218A64 /* AppDelegate.h */,
				F0D08BA31F7CED9800218A64 /* AppDelegate.m */,
				F0D08BA51F7CED9800218A64 /* ViewController.h */,
				F0D08BA61F7CED9800218A64 /* ViewController.m */,
				F0D08BA81F7CED9800218A64 /* Main.storyboard */,
				F0D08BAB1F7CED9800218A64 /* Assets.xcassets */,
				F0D08BAD1F7CED9800218A64 /* LaunchScreen.storyboard */,
				F0D08BB01F7CED9800218A64 /* Info.plist */,
				F0D08B9F1F7CED9800218A64 /* Supporting Files */,
				F0B13A3B1F95E0A90034CEF9 /* LQBAnimationPopView.h */,
				F0B13A3C1F95E0A90034CEF9 /* LQBAnimationPopView.m */,
			);
			path = LQBAnimationPopView;
			sourceTree = "<group>";
		};
		F0D08B9F1F7CED9800218A64 /* Supporting Files */ = {
			isa = PBXGroup;
			children = (
				F0D08BA01F7CED9800218A64 /* main.m */,
			);
			name = "Supporting Files";
			sourceTree = "<group>";
		};
		F0D08BB81F7CED9800218A64 /* LQBAnimationPopViewTests */ = {
			isa = PBXGroup;
			children = (
				F0D08BB91F7CED9800218A64 /* LQBAnimationPopViewTests.m */,
				F0D08BBB1F7CED9800218A64 /* Info.plist */,
			);
			path = LQBAnimationPopViewTests;
			sourceTree = "<group>";
		};
		F0D08BC31F7CED9800218A64 /* LQBAnimationPopViewUITests */ = {
			isa = PBXGroup;
			children = (
				F0D08BC41F7CED9800218A64 /* LQBAnimationPopViewUITests.m */,
				F0D08BC61F7CED9800218A64 /* Info.plist */,
			);
			path = LQBAnimationPopViewUITests;
			sourceTree = "<group>";
		};
/* End PBXGroup section */

/* Begin PBXNativeTarget section */
		F0D08B9B1F7CED9800218A64 /* LQBAnimationPopView */ = {
			isa = PBXNativeTarget;
			buildConfigurationList = F0D08BC91F7CED9800218A64 /* Build configuration list for PBXNativeTarget "LQBAnimationPopView" */;
			buildPhases = (
				F0D08B981F7CED9800218A64 /* Sources */,
				F0D08B991F7CED9800218A64 /* Frameworks */,
				F0D08B9A1F7CED9800218A64 /* Resources */,
			);
			buildRules = (
			);
			dependencies = (
			);
			name = LQBAnimationPopView;
			productName = LQBAnimationPopView;
			productReference = F0D08B9C1F7CED9800218A64 /* LQBAnimationPopView.app */;
			productType = "com.apple.product-type.application";
		};
		F0D08BB41F7CED9800218A64 /* LQBAnimationPopViewTests */ = {
			isa = PBXNativeTarget;
			buildConfigurationList = F0D08BCC1F7CED9800218A64 /* Build configuration list for PBXNativeTarget "LQBAnimationPopViewTests" */;
			buildPhases = (
				F0D08BB11F7CED9800218A64 /* Sources */,
				F0D08BB21F7CED9800218A64 /* Frameworks */,
				F0D08BB31F7CED9800218A64 /* Resources */,
			);
			buildRules = (
			);
			dependencies = (
				F0D08BB71F7CED9800218A64 /* PBXTargetDependency */,
			);
			name = LQBAnimationPopViewTests;
			productName = LQBAnimationPopViewTests;
			productReference = F0D08BB51F7CED9800218A64 /* LQBAnimationPopViewTests.xctest */;
			productType = "com.apple.product-type.bundle.unit-test";
		};
		F0D08BBF1F7CED9800218A64 /* LQBAnimationPopViewUITests */ = {
			isa = PBXNativeTarget;
			buildConfigurationList = F0D08BCF1F7CED9800218A64 /* Build configuration list for PBXNativeTarget "LQBAnimationPopViewUITests" */;
			buildPhases = (
				F0D08BBC1F7CED9800218A64 /* Sources */,
				F0D08BBD1F7CED9800218A64 /* Frameworks */,
				F0D08BBE1F7CED9800218A64 /* Resources */,
			);
			buildRules = (
			);
			dependencies = (
				F0D08BC21F7CED9800218A64 /* PBXTargetDependency */,
			);
			name = LQBAnimationPopViewUITests;
			productName = LQBAnimationPopViewUITests;
			productReference = F0D08BC01F7CED9800218A64 /* LQBAnimationPopViewUITests.xctest */;
			productType = "com.apple.product-type.bundle.ui-testing";
		};
/* End PBXNativeTarget section */

/* Begin PBXProject section */
		F0D08B941F7CED9800218A64 /* Project object */ = {
			isa = PBXProject;
			attributes = {
				LastUpgradeCheck = 0830;
				ORGANIZATIONNAME = "Qingbing Liu";
				TargetAttributes = {
					F0D08B9B1F7CED9800218A64 = {
						CreatedOnToolsVersion = 8.3.3;
						DevelopmentTeam = F3MQY5582T;
						ProvisioningStyle = Automatic;
					};
					F0D08BB41F7CED9800218A64 = {
						CreatedOnToolsVersion = 8.3.3;
						DevelopmentTeam = 2ZSYAFR9W9;
						ProvisioningStyle = Automatic;
						TestTargetID = F0D08B9B1F7CED9800218A64;
					};
					F0D08BBF1F7CED9800218A64 = {
						CreatedOnToolsVersion = 8.3.3;
						DevelopmentTeam = 2ZSYAFR9W9;
						ProvisioningStyle = Automatic;
						TestTargetID = F0D08B9B1F7CED9800218A64;
					};
				};
			};
			buildConfigurationList = F0D08B971F7CED9800218A64 /* Build configuration list for PBXProject "LQBAnimationPopView" */;
			compatibilityVersion = "Xcode 3.2";
			developmentRegion = English;
			hasScannedForEncodings = 0;
			knownRegions = (
				en,
				Base,
			);
			mainGroup = F0D08B931F7CED9800218A64;
			productRefGroup = F0D08B9D1F7CED9800218A64 /* Products */;
			projectDirPath = "";
			projectRoot = "";
			targets = (
				F0D08B9B1F7CED9800218A64 /* LQBAnimationPopView */,
				F0D08BB41F7CED9800218A64 /* LQBAnimationPopViewTests */,
				F0D08BBF1F7CED9800218A64 /* LQBAnimationPopViewUITests */,
			);
		};
/* End PBXProject section */

/* Begin PBXResourcesBuildPhase section */
		F0D08B9A1F7CED9800218A64 /* Resources */ = {
			isa = PBXResourcesBuildPhase;
			buildActionMask = 2147483647;
			files = (
				F0D08BAF1F7CED9800218A64 /* LaunchScreen.storyboard in Resources */,
				F0B13A3A1F95D5120034CEF9 /* AlterView.xib in Resources */,
				F0D08BAC1F7CED9800218A64 /* Assets.xcassets in Resources */,
				F0D08BAA1F7CED9800218A64 /* Main.storyboard in Resources */,
			);
			runOnlyForDeploymentPostprocessing = 0;
		};
		F0D08BB31F7CED9800218A64 /* Resources */ = {
			isa = PBXResourcesBuildPhase;
			buildActionMask = 2147483647;
			files = (
			);
			runOnlyForDeploymentPostprocessing = 0;
		};
		F0D08BBE1F7CED9800218A64 /* Resources */ = {
			isa = PBXResourcesBuildPhase;
			buildActionMask = 2147483647;
			files = (
			);
			runOnlyForDeploymentPostprocessing = 0;
		};
/* End PBXResourcesBuildPhase section */

/* Begin PBXSourcesBuildPhase section */
		F0D08B981F7CED9800218A64 /* Sources */ = {
			isa = PBXSourcesBuildPhase;
			buildActionMask = 2147483647;
			files = (
				F0D08BA71F7CED9800218A64 /* ViewController.m in Sources */,
				F0B13A381F95D4FE0034CEF9 /* AlterView.m in Sources */,
				F0B13A3D1F95E0A90034CEF9 /* LQBAnimationPopView.m in Sources */,
				F0D08BA41F7CED9800218A64 /* AppDelegate.m in Sources */,
				F0D08BA11F7CED9800218A64 /* main.m in Sources */,
			);
			runOnlyForDeploymentPostprocessing = 0;
		};
		F0D08BB11F7CED9800218A64 /* Sources */ = {
			isa = PBXSourcesBuildPhase;
			buildActionMask = 2147483647;
			files = (
				F0D08BBA1F7CED9800218A64 /* LQBAnimationPopViewTests.m in Sources */,
			);
			runOnlyForDeploymentPostprocessing = 0;
		};
		F0D08BBC1F7CED9800218A64 /* Sources */ = {
			isa = PBXSourcesBuildPhase;
			buildActionMask = 2147483647;
			files = (
				F0D08BC51F7CED9800218A64 /* LQBAnimationPopViewUITests.m in Sources */,
			);
			runOnlyForDeploymentPostprocessing = 0;
		};
/* End PBXSourcesBuildPhase section */

/* Begin PBXTargetDependency section */
		F0D08BB71F7CED9800218A64 /* PBXTargetDependency */ = {
			isa = PBXTargetDependency;
			target = F0D08B9B1F7CED9800218A64 /* LQBAnimationPopView */;
			targetProxy = F0D08BB61F7CED9800218A64 /* PBXContainerItemProxy */;
		};
		F0D08BC21F7CED9800218A64 /* PBXTargetDependency */ = {
			isa = PBXTargetDependency;
			target = F0D08B9B1F7CED9800218A64 /* LQBAnimationPopView */;
			targetProxy = F0D08BC11F7CED9800218A64 /* PBXContainerItemProxy */;
		};
/* End PBXTargetDependency section */

/* Begin PBXVariantGroup section */
		F0D08BA81F7CED9800218A64 /* Main.storyboard */ = {
			isa = PBXVariantGroup;
			children = (
				F0D08BA91F7CED9800218A64 /* Base */,
			);
			name = Main.storyboard;
			sourceTree = "<group>";
		};
		F0D08BAD1F7CED9800218A64 /* LaunchScreen.storyboard */ = {
			isa = PBXVariantGroup;
			children = (
				F0D08BAE1F7CED9800218A64 /* Base */,
			);
			name = LaunchScreen.storyboard;
			sourceTree = "<group>";
		};
/* End PBXVariantGroup section */

/* Begin XCBuildConfiguration section */
		F0D08BC71F7CED9800218A64 /* Debug */ = {
			isa = XCBuildConfiguration;
			buildSettings = {
				ALWAYS_SEARCH_USER_PATHS = NO;
				CLANG_ANALYZER_NONNULL = YES;
				CLANG_ANALYZER_NUMBER_OBJECT_CONVERSION = YES_AGGRESSIVE;
				CLANG_CXX_LANGUAGE_STANDARD = "gnu++0x";
				CLANG_CXX_LIBRARY = "libc++";
				CLANG_ENABLE_MODULES = YES;
				CLANG_ENABLE_OBJC_ARC = YES;
				CLANG_WARN_BOOL_CONVERSION = YES;
				CLANG_WARN_CONSTANT_CONVERSION = YES;
				CLANG_WARN_DIRECT_OBJC_ISA_USAGE = YES_ERROR;
				CLANG_WARN_DOCUMENTATION_COMMENTS = YES;
				CLANG_WARN_EMPTY_BODY = YES;
				CLANG_WARN_ENUM_CONVERSION = YES;
				CLANG_WARN_INFINITE_RECURSION = YES;
				CLANG_WARN_INT_CONVERSION = YES;
				CLANG_WARN_OBJC_ROOT_CLASS = YES_ERROR;
				CLANG_WARN_SUSPICIOUS_MOVE = YES;
				CLANG_WARN_UNREACHABLE_CODE = YES;
				CLANG_WARN__DUPLICATE_METHOD_MATCH = YES;
				"CODE_SIGN_IDENTITY[sdk=iphoneos*]" = "iPhone Developer";
				COPY_PHASE_STRIP = NO;
				DEBUG_INFORMATION_FORMAT = dwarf;
				ENABLE_STRICT_OBJC_MSGSEND = YES;
				ENABLE_TESTABILITY = YES;
				GCC_C_LANGUAGE_STANDARD = gnu99;
				GCC_DYNAMIC_NO_PIC = NO;
				GCC_NO_COMMON_BLOCKS = YES;
				GCC_OPTIMIZATION_LEVEL = 0;
				GCC_PREPROCESSOR_DEFINITIONS = (
					"DEBUG=1",
					"$(inherited)",
				);
				GCC_WARN_64_TO_32_BIT_CONVERSION = YES;
				GCC_WARN_ABOUT_RETURN_TYPE = YES_ERROR;
				GCC_WARN_UNDECLARED_SELECTOR = YES;
				GCC_WARN_UNINITIALIZED_AUTOS = YES_AGGRESSIVE;
				GCC_WARN_UNUSED_FUNCTION = YES;
				GCC_WARN_UNUSED_VARIABLE = YES;
				IPHONEOS_DEPLOYMENT_TARGET = 10.3;
				MTL_ENABLE_DEBUG_INFO = YES;
				ONLY_ACTIVE_ARCH = YES;
				SDKROOT = iphoneos;
				TARGETED_DEVICE_FAMILY = "1,2";
			};
			name = Debug;
		};
		F0D08BC81F7CED9800218A64 /* Release */ = {
			isa = XCBuildConfiguration;
			buildSettings = {
				ALWAYS_SEARCH_USER_PATHS = NO;
				CLANG_ANALYZER_NONNULL = YES;
				CLANG_ANALYZER_NUMBER_OBJECT_CONVERSION = YES_AGGRESSIVE;
				CLANG_CXX_LANGUAGE_STANDARD = "gnu++0x";
				CLANG_CXX_LIBRARY = "libc++";
				CLANG_ENABLE_MODULES = YES;
				CLANG_ENABLE_OBJC_ARC = YES;
				CLANG_WARN_BOOL_CONVERSION = YES;
				CLANG_WARN_CONSTANT_CONVERSION = YES;
				CLANG_WARN_DIRECT_OBJC_ISA_USAGE = YES_ERROR;
				CLANG_WARN_DOCUMENTATION_COMMENTS = YES;
				CLANG_WARN_EMPTY_BODY = YES;
				CLANG_WARN_ENUM_CONVERSION = YES;
				CLANG_WARN_INFINITE_RECURSION = YES;
				CLANG_WARN_INT_CONVERSION = YES;
				CLANG_WARN_OBJC_ROOT_CLASS = YES_ERROR;
				CLANG_WARN_SUSPICIOUS_MOVE = YES;
				CLANG_WARN_UNREACHABLE_CODE = YES;
				CLANG_WARN__DUPLICATE_METHOD_MATCH = YES;
				"CODE_SIGN_IDENTITY[sdk=iphoneos*]" = "iPhone Developer";
				COPY_PHASE_STRIP = NO;
				DEBUG_INFORMATION_FORMAT = "dwarf-with-dsym";
				ENABLE_NS_ASSERTIONS = NO;
				ENABLE_STRICT_OBJC_MSGSEND = YES;
				GCC_C_LANGUAGE_STANDARD = gnu99;
				GCC_NO_COMMON_BLOCKS = YES;
				GCC_WARN_64_TO_32_BIT_CONVERSION = YES;
				GCC_WARN_ABOUT_RETURN_TYPE = YES_ERROR;
				GCC_WARN_UNDECLARED_SELECTOR = YES;
				GCC_WARN_UNINITIALIZED_AUTOS = YES_AGGRESSIVE;
				GCC_WARN_UNUSED_FUNCTION = YES;
				GCC_WARN_UNUSED_VARIABLE = YES;
				IPHONEOS_DEPLOYMENT_TARGET = 10.3;
				MTL_ENABLE_DEBUG_INFO = NO;
				SDKROOT = iphoneos;
				TARGETED_DEVICE_FAMILY = "1,2";
				VALIDATE_PRODUCT = YES;
			};
			name = Release;
		};
		F0D08BCA1F7CED9800218A64 /* Debug */ = {
			isa = XCBuildConfiguration;
			buildSettings = {
				ASSETCATALOG_COMPILER_APPICON_NAME = AppIcon;
				DEVELOPMENT_TEAM = F3MQY5582T;
				INFOPLIST_FILE = LQBAnimationPopView/Info.plist;
				LD_RUNPATH_SEARCH_PATHS = "$(inherited) @executable_path/Frameworks";
				PRODUCT_BUNDLE_IDENTIFIER = com.boe.animation;
				PRODUCT_NAME = "$(TARGET_NAME)";
			};
			name = Debug;
		};
		F0D08BCB1F7CED9800218A64 /* Release */ = {
			isa = XCBuildConfiguration;
			buildSettings = {
				ASSETCATALOG_COMPILER_APPICON_NAME = AppIcon;
				DEVELOPMENT_TEAM = F3MQY5582T;
				INFOPLIST_FILE = LQBAnimationPopView/Info.plist;
				LD_RUNPATH_SEARCH_PATHS = "$(inherited) @executable_path/Frameworks";
				PRODUCT_BUNDLE_IDENTIFIER = com.boe.animation;
				PRODUCT_NAME = "$(TARGET_NAME)";
			};
			name = Release;
		};
		F0D08BCD1F7CED9800218A64 /* Debug */ = {
			isa = XCBuildConfiguration;
			buildSettings = {
				BUNDLE_LOADER = "$(TEST_HOST)";
				DEVELOPMENT_TEAM = 2ZSYAFR9W9;
				INFOPLIST_FILE = LQBAnimationPopViewTests/Info.plist;
				LD_RUNPATH_SEARCH_PATHS = "$(inherited) @executable_path/Frameworks @loader_path/Frameworks";
				PRODUCT_BUNDLE_IDENTIFIER = com.boe.animation.LQBAnimationPopViewTests;
				PRODUCT_NAME = "$(TARGET_NAME)";
				TEST_HOST = "$(BUILT_PRODUCTS_DIR)/LQBAnimationPopView.app/LQBAnimationPopView";
			};
			name = Debug;
		};
		F0D08BCE1F7CED9800218A64 /* Release */ = {
			isa = XCBuildConfiguration;
			buildSettings = {
				BUNDLE_LOADER = "$(TEST_HOST)";
				DEVELOPMENT_TEAM = 2ZSYAFR9W9;
				INFOPLIST_FILE = LQBAnimationPopViewTests/Info.plist;
				LD_RUNPATH_SEARCH_PATHS = "$(inherited) @executable_path/Frameworks @loader_path/Frameworks";
				PRODUCT_BUNDLE_IDENTIFIER = com.boe.animation.LQBAnimationPopViewTests;
				PRODUCT_NAME = "$(TARGET_NAME)";
				TEST_HOST = "$(BUILT_PRODUCTS_DIR)/LQBAnimationPopView.app/LQBAnimationPopView";
			};
			name = Release;
		};
		F0D08BD01F7CED9800218A64 /* Debug */ = {
			isa = XCBuildConfiguration;
			buildSettings = {
				DEVELOPMENT_TEAM = 2ZSYAFR9W9;
				INFOPLIST_FILE = LQBAnimationPopViewUITests/Info.plist;
				LD_RUNPATH_SEARCH_PATHS = "$(inherited) @executable_path/Frameworks @loader_path/Frameworks";
				PRODUCT_BUNDLE_IDENTIFIER = com.boe.animation.LQBAnimationPopViewUITests;
				PRODUCT_NAME = "$(TARGET_NAME)";
				TEST_TARGET_NAME = LQBAnimationPopView;
			};
			name = Debug;
		};
		F0D08BD11F7CED9800218A64 /* Release */ = {
			isa = XCBuildConfiguration;
			buildSettings = {
				DEVELOPMENT_TEAM = 2ZSYAFR9W9;
				INFOPLIST_FILE = LQBAnimationPopViewUITests/Info.plist;
				LD_RUNPATH_SEARCH_PATHS = "$(inherited) @executable_path/Frameworks @loader_path/Frameworks";
				PRODUCT_BUNDLE_IDENTIFIER = com.boe.animation.LQBAnimationPopViewUITests;
				PRODUCT_NAME = "$(TARGET_NAME)";
				TEST_TARGET_NAME = LQBAnimationPopView;
			};
			name = Release;
		};
/* End XCBuildConfiguration section */

/* Begin XCConfigurationList section */
		F0D08B971F7CED9800218A64 /* Build configuration list for PBXProject "LQBAnimationPopView" */ = {
			isa = XCConfigurationList;
			buildConfigurations = (
				F0D08BC71F7CED9800218A64 /* Debug */,
				F0D08BC81F7CED9800218A64 /* Release */,
			);
			defaultConfigurationIsVisible = 0;
			defaultConfigurationName = Release;
		};
		F0D08BC91F7CED9800218A64 /* Build configuration list for PBXNativeTarget "LQBAnimationPopView" */ = {
			isa = XCConfigurationList;
			buildConfigurations = (
				F0D08BCA1F7CED9800218A64 /* Debug */,
				F0D08BCB1F7CED9800218A64 /* Release */,
			);
			defaultConfigurationIsVisible = 0;
			defaultConfigurationName = Release;
		};
		F0D08BCC1F7CED9800218A64 /* Build configuration list for PBXNativeTarget "LQBAnimationPopViewTests" */ = {
			isa = XCConfigurationList;
			buildConfigurations = (
				F0D08BCD1F7CED9800218A64 /* Debug */,
				F0D08BCE1F7CED9800218A64 /* Release */,
			);
			defaultConfigurationIsVisible = 0;
			defaultConfigurationName = Release;
		};
		F0D08BCF1F7CED9800218A64 /* Build configuration list for PBXNativeTarget "LQBAnimationPopViewUITests" */ = {
			isa = XCConfigurationList;
			buildConfigurations = (
				F0D08BD01F7CED9800218A64 /* Debug */,
				F0D08BD11F7CED9800218A64 /* Release */,
			);
			defaultConfigurationIsVisible = 0;
			defaultConfigurationName = Release;
		};
/* End XCConfigurationList section */
	};
	rootObject = F0D08B941F7CED9800218A64 /* Project object */;
}
